# This file is automatically @generated by Cargo.
# It is not intended for manual editing.
version = 3

[[package]]
name = "day01-calorie-counting"
version = "0.1.0"

[[package]]
name = "day02-rock-paper-scissors"
version = "0.1.0"

[[package]]
name = "day03-rucksack-reorganisation"
version = "0.1.0"
